#MicroXplorer Configuration settings - do not modify
CAD.formats=[{"id"\:0,"cad_product"\:"Altium Designer","cad_family"\:"Altium"}]
CAD.pinconfig=Dual
CAD.provider=
CORTEX_M7.IPParameters=default_mode_Activation
CORTEX_M7.default_mode_Activation=1
DMA2D.ColorMode=DMA2D_OUTPUT_RGB888
DMA2D.IPParameters=ColorMode
File.Version=6
KeepUserPlacement=false
LTDC.ActiveH=272
LTDC.ActiveW=480
LTDC.Alpha0_L0=0
LTDC.Alpha0_L1=100
LTDC.Alpha_L0=255
LTDC.Blue=0
LTDC.Blue_L0=0
LTDC.Blue_L1=100
LTDC.DEPolarity=LTDC_DEPOLARITY_AH
LTDC.Green=0
LTDC.HBP=43
LTDC.HFP=8
LTDC.HSPolarity=LTDC_HSPOLARITY_AL
LTDC.HSync=10
LTDC.IPParameters=Green,HSync,HBP,ActiveW,HFP,VBP,ActiveH,VFP,DEPolarity,Red,Blue,WindowX1_L0,WindowY1_L0,PixelFormat_L0,Layers,ImageWidth_L0,ImageHeight_L0,VSync,Blue_L0,VSPolarity,HSPolarity,Alpha0_L0,WindowX1_L1,WindowY1_L1,Blue_L1,Alpha0_L1,ImageWidth_L1,ImageHeight_L1,Alpha_L0
LTDC.ImageHeight_L0=272
LTDC.ImageHeight_L1=272
LTDC.ImageWidth_L0=480
LTDC.ImageWidth_L1=480
LTDC.Layers=0
LTDC.PixelFormat_L0=LTDC_PIXEL_FORMAT_RGB888
LTDC.Red=0
LTDC.VBP=12
LTDC.VFP=4
LTDC.VSPolarity=LTDC_VSPOLARITY_AL
LTDC.VSync=10
LTDC.WindowX1_L0=480
LTDC.WindowX1_L1=480
LTDC.WindowY1_L0=272
LTDC.WindowY1_L1=272
Mcu.CPN=STM32F746NGH6
Mcu.Family=STM32F7
Mcu.IP0=CORTEX_M7
Mcu.IP1=DMA2D
Mcu.IP2=LTDC
Mcu.IP3=NVIC
Mcu.IP4=QUADSPI
Mcu.IP5=RCC
Mcu.IP6=SYS
Mcu.IP7=TIM7
Mcu.IP8=USART1
Mcu.IPNb=9
Mcu.Name=STM32F746NGHx
Mcu.Package=TFBGA216
Mcu.Pin0=PE4
Mcu.Pin1=PE2
Mcu.Pin10=PG12
Mcu.Pin11=PJ14
Mcu.Pin12=PI10
Mcu.Pin13=PK4
Mcu.Pin14=PJ15
Mcu.Pin15=PI1
Mcu.Pin16=PI9
Mcu.Pin17=PA9
Mcu.Pin18=PI11
Mcu.Pin19=PK1
Mcu.Pin2=PA14
Mcu.Pin20=PK2
Mcu.Pin21=PH0/OSC_IN
Mcu.Pin22=PI15
Mcu.Pin23=PJ11
Mcu.Pin24=PK0
Mcu.Pin25=PH1/OSC_OUT
Mcu.Pin26=PI14
Mcu.Pin27=PJ8
Mcu.Pin28=PJ10
Mcu.Pin29=PJ7
Mcu.Pin3=PA13
Mcu.Pin30=PJ9
Mcu.Pin31=PJ6
Mcu.Pin32=PB2
Mcu.Pin33=PJ4
Mcu.Pin34=PD12
Mcu.Pin35=PD13
Mcu.Pin36=PJ5
Mcu.Pin37=PJ3
Mcu.Pin38=PD11
Mcu.Pin39=PJ2
Mcu.Pin4=PB7
Mcu.Pin40=PJ0
Mcu.Pin41=PJ1
Mcu.Pin42=VP_DMA2D_VS_DMA2D
Mcu.Pin43=VP_SYS_VS_Systick
Mcu.Pin44=VP_TIM7_VS_ClockSourceINT
Mcu.Pin5=PB6
Mcu.Pin6=PJ13
Mcu.Pin7=PK7
Mcu.Pin8=PK6
Mcu.Pin9=PK5
Mcu.PinsNb=45
Mcu.ThirdPartyNb=0
Mcu.UserConstants=
Mcu.UserName=STM32F746NGHx
MxCube.Version=6.12.1
MxDb.Version=DB.6.0.121
NVIC.BusFault_IRQn=true\:0\:0\:false\:false\:true\:false\:false\:false
NVIC.DMA2D_IRQn=true\:0\:0\:false\:false\:true\:true\:true\:true
NVIC.DebugMonitor_IRQn=true\:0\:0\:false\:false\:true\:false\:false\:false
NVIC.ForceEnableDMAVector=true
NVIC.HardFault_IRQn=true\:0\:0\:false\:false\:true\:false\:false\:false
NVIC.LTDC_IRQn=true\:0\:0\:false\:false\:true\:true\:true\:true
NVIC.MemoryManagement_IRQn=true\:0\:0\:false\:false\:true\:false\:false\:false
NVIC.NonMaskableInt_IRQn=true\:0\:0\:false\:false\:true\:false\:false\:false
NVIC.PendSV_IRQn=true\:0\:0\:false\:false\:true\:false\:false\:false
NVIC.PriorityGroup=NVIC_PRIORITYGROUP_4
NVIC.QUADSPI_IRQn=true\:3\:0\:true\:false\:true\:true\:true\:true
NVIC.SVCall_IRQn=true\:0\:0\:false\:false\:true\:false\:false\:false
NVIC.SysTick_IRQn=true\:15\:0\:true\:false\:true\:false\:true\:false
NVIC.UsageFault_IRQn=true\:0\:0\:false\:false\:true\:false\:false\:false
PA13.Mode=Serial_Wire
PA13.Signal=SYS_JTMS-SWDIO
PA14.Mode=Serial_Wire
PA14.Signal=SYS_JTCK-SWCLK
PA9.Locked=true
PA9.Mode=Asynchronous
PA9.Signal=USART1_TX
PB2.Mode=Single Bank 1
PB2.Signal=QUADSPI_CLK
PB6.Mode=Single Bank 1
PB6.Signal=QUADSPI_BK1_NCS
PB7.Mode=Asynchronous
PB7.Signal=USART1_RX
PD11.Locked=true
PD11.Mode=Single Bank 1
PD11.Signal=QUADSPI_BK1_IO0
PD12.Locked=true
PD12.Mode=Single Bank 1
PD12.Signal=QUADSPI_BK1_IO1
PD13.Locked=true
PD13.Mode=Single Bank 1
PD13.Signal=QUADSPI_BK1_IO3
PE2.Mode=Single Bank 1
PE2.Signal=QUADSPI_BK1_IO2
PE4.Mode=RGB888
PE4.Signal=LTDC_B0
PG12.Locked=true
PG12.Mode=RGB888
PG12.Signal=LTDC_B4
PH0/OSC_IN.Mode=HSE-External-Clock-Source
PH0/OSC_IN.Signal=RCC_OSC_IN
PH1/OSC_OUT.Mode=HSE-External-Clock-Source
PH1/OSC_OUT.Signal=RCC_OSC_OUT
PI1.GPIOParameters=GPIO_Label
PI1.GPIO_Label=USER_LED
PI1.Locked=true
PI1.Signal=GPIO_Output
PI10.Mode=RGB888
PI10.Signal=LTDC_HSYNC
PI11.Locked=true
PI11.Signal=GPXTI11
PI14.Mode=RGB888
PI14.Signal=LTDC_CLK
PI15.Locked=true
PI15.Mode=RGB888
PI15.Signal=LTDC_R0
PI9.Mode=RGB888
PI9.Signal=LTDC_VSYNC
PJ0.Locked=true
PJ0.Mode=RGB888
PJ0.Signal=LTDC_R1
PJ1.Locked=true
PJ1.Mode=RGB888
PJ1.Signal=LTDC_R2
PJ10.Locked=true
PJ10.Mode=RGB888
PJ10.Signal=LTDC_G3
PJ11.Locked=true
PJ11.Mode=RGB888
PJ11.Signal=LTDC_G4
PJ13.Mode=RGB888
PJ13.Signal=LTDC_B1
PJ14.Locked=true
PJ14.Mode=RGB888
PJ14.Signal=LTDC_B2
PJ15.Locked=true
PJ15.Mode=RGB888
PJ15.Signal=LTDC_B3
PJ2.Locked=true
PJ2.Mode=RGB888
PJ2.Signal=LTDC_R3
PJ3.Locked=true
PJ3.Mode=RGB888
PJ3.Signal=LTDC_R4
PJ4.Locked=true
PJ4.Mode=RGB888
PJ4.Signal=LTDC_R5
PJ5.Locked=true
PJ5.Mode=RGB888
PJ5.Signal=LTDC_R6
PJ6.Locked=true
PJ6.Mode=RGB888
PJ6.Signal=LTDC_R7
PJ7.Locked=true
PJ7.Mode=RGB888
PJ7.Signal=LTDC_G0
PJ8.Locked=true
PJ8.Mode=RGB888
PJ8.Signal=LTDC_G1
PJ9.Locked=true
PJ9.Mode=RGB888
PJ9.Signal=LTDC_G2
PK0.Locked=true
PK0.Mode=RGB888
PK0.Signal=LTDC_G5
PK1.Mode=RGB888
PK1.Signal=LTDC_G6
PK2.Locked=true
PK2.Mode=RGB888
PK2.Signal=LTDC_G7
PK4.Locked=true
PK4.Mode=RGB888
PK4.Signal=LTDC_B5
PK5.Locked=true
PK5.Mode=RGB888
PK5.Signal=LTDC_B6
PK6.Locked=true
PK6.Mode=RGB888
PK6.Signal=LTDC_B7
PK7.Mode=RGB888
PK7.Signal=LTDC_DE
PinOutPanel.CurrentBGAView=Top
PinOutPanel.RotationAngle=0
ProjectManager.AskForMigrate=true
ProjectManager.BackupPrevious=true
ProjectManager.CompilerOptimize=6
ProjectManager.ComputerToolchain=false
ProjectManager.CoupleFile=true
ProjectManager.CustomerFirmwarePackage=
ProjectManager.DefaultFWLocation=true
ProjectManager.DeletePrevious=true
ProjectManager.DeviceId=STM32F746NGHx
ProjectManager.FirmwarePackage=STM32Cube FW_F7 V1.17.2
ProjectManager.FreePins=false
ProjectManager.HalAssertFull=false
ProjectManager.HeapSize=0x200
ProjectManager.KeepUserCode=true
ProjectManager.LastFirmware=true
ProjectManager.LibraryCopy=1
ProjectManager.MainLocation=Core/Src
ProjectManager.NoMain=false
ProjectManager.PreviousToolchain=
ProjectManager.ProjectBuild=false
ProjectManager.ProjectFileName=STM_Discovery_Oscilloscope.ioc
ProjectManager.ProjectName=STM_Discovery_Oscilloscope
ProjectManager.ProjectStructure=
ProjectManager.RegisterCallBack=
ProjectManager.StackSize=0x4000
ProjectManager.TargetToolchain=STM32CubeIDE
ProjectManager.ToolChainLocation=
ProjectManager.UAScriptAfterPath=
ProjectManager.UAScriptBeforePath=
ProjectManager.UnderRoot=true
ProjectManager.functionlistsort=1-SystemClock_Config-RCC-false-HAL-false,2-MX_GPIO_Init-GPIO-false-HAL-true,3-MX_USART1_UART_Init-USART1-false-HAL-true,4-MX_LTDC_Init-LTDC-false-HAL-true,5-MX_QUADSPI_Init-QUADSPI-false-HAL-true,6-MX_TIM7_Init-TIM7-false-HAL-true,7-MX_DMA2D_Init-DMA2D-false-HAL-true,0-MX_CORTEX_M7_Init-CORTEX_M7-false-HAL-true
QUADSPI.ChipSelectHighTime=QSPI_CS_HIGH_TIME_4_CYCLE
QUADSPI.ClockMode=QSPI_CLOCK_MODE_0
QUADSPI.ClockPrescaler=0
QUADSPI.FifoThreshold=4
QUADSPI.FlashSize=23
QUADSPI.IPParameters=ClockPrescaler,FifoThreshold,FlashSize,ChipSelectHighTime,ClockMode,SampleShifting
QUADSPI.SampleShifting=QSPI_SAMPLE_SHIFTING_NONE
RCC.AHBCLKDivider=RCC_SYSCLK_DIV2
RCC.AHBFreq_Value=25000000
RCC.APB1Freq_Value=25000000
RCC.APB1TimFreq_Value=25000000
RCC.APB2Freq_Value=25000000
RCC.APB2TimFreq_Value=25000000
RCC.CECFreq_Value=32786.88524590164
RCC.CortexFreq_Value=25000000
RCC.EthernetFreq_Value=25000000
RCC.FCLKCortexFreq_Value=25000000
RCC.FamilyName=M
RCC.HCLKFreq_Value=25000000
RCC.HSE_VALUE=25000000
RCC.HSI_VALUE=16000000
RCC.I2C1Freq_Value=25000000
RCC.I2C2Freq_Value=25000000
RCC.I2C3Freq_Value=25000000
RCC.I2C4Freq_Value=25000000
RCC.I2SFreq_Value=192000000
RCC.IPParameters=AHBCLKDivider,AHBFreq_Value,APB1Freq_Value,APB1TimFreq_Value,APB2Freq_Value,APB2TimFreq_Value,CECFreq_Value,CortexFreq_Value,EthernetFreq_Value,FCLKCortexFreq_Value,FamilyName,HCLKFreq_Value,HSE_VALUE,HSI_VALUE,I2C1Freq_Value,I2C2Freq_Value,I2C3Freq_Value,I2C4Freq_Value,I2SFreq_Value,LCDTFToutputFreq_Value,LPTIM1Freq_Value,LSE_VALUE,LSI_VALUE,MCO2PinFreq_Value,PLLCLKFreq_Value,PLLI2SPCLKFreq_Value,PLLI2SQCLKFreq_Value,PLLI2SRCLKFreq_Value,PLLI2SRoutputFreq_Value,PLLM,PLLN,PLLQCLKFreq_Value,PLLQoutputFreq_Value,PLLSAIN,PLLSAIPCLKFreq_Value,PLLSAIQCLKFreq_Value,PLLSAIRCLKFreq_Value,PLLSAIoutputFreq_Value,RNGFreq_Value,SAI1Freq_Value,SAI2Freq_Value,SDMMCFreq_Value,SPDIFRXFreq_Value,SYSCLKFreq_VALUE,SYSCLKSource,UART4Freq_Value,UART5Freq_Value,UART7Freq_Value,UART8Freq_Value,USART1Freq_Value,USART2Freq_Value,USART3Freq_Value,USART6Freq_Value,USBFreq_Value,VCOI2SOutputFreq_Value,VCOInputFreq_Value,VCOOutputFreq_Value,VCOSAIOutputFreq_Value
RCC.LCDTFToutputFreq_Value=25000000
RCC.LPTIM1Freq_Value=25000000
RCC.LSE_VALUE=32768
RCC.LSI_VALUE=32000
RCC.MCO2PinFreq_Value=50000000
RCC.PLLCLKFreq_Value=50000000
RCC.PLLI2SPCLKFreq_Value=192000000
RCC.PLLI2SQCLKFreq_Value=192000000
RCC.PLLI2SRCLKFreq_Value=192000000
RCC.PLLI2SRoutputFreq_Value=192000000
RCC.PLLM=8
RCC.PLLN=50
RCC.PLLQCLKFreq_Value=50000000
RCC.PLLQoutputFreq_Value=50000000
RCC.PLLSAIN=50
RCC.PLLSAIPCLKFreq_Value=50000000
RCC.PLLSAIQCLKFreq_Value=50000000
RCC.PLLSAIRCLKFreq_Value=50000000
RCC.PLLSAIoutputFreq_Value=50000000
RCC.RNGFreq_Value=50000000
RCC.SAI1Freq_Value=50000000
RCC.SAI2Freq_Value=50000000
RCC.SDMMCFreq_Value=50000000
RCC.SPDIFRXFreq_Value=192000000
RCC.SYSCLKFreq_VALUE=50000000
RCC.SYSCLKSource=RCC_SYSCLKSOURCE_PLLCLK
RCC.UART4Freq_Value=25000000
RCC.UART5Freq_Value=25000000
RCC.UART7Freq_Value=25000000
RCC.UART8Freq_Value=25000000
RCC.USART1Freq_Value=25000000
RCC.USART2Freq_Value=25000000
RCC.USART3Freq_Value=25000000
RCC.USART6Freq_Value=25000000
RCC.USBFreq_Value=50000000
RCC.VCOI2SOutputFreq_Value=384000000
RCC.VCOInputFreq_Value=2000000
RCC.VCOOutputFreq_Value=100000000
RCC.VCOSAIOutputFreq_Value=100000000
SH.GPXTI11.0=GPIO_EXTI11
SH.GPXTI11.ConfNb=1
USART1.IPParameters=VirtualMode-Asynchronous
USART1.VirtualMode-Asynchronous=VM_ASYNC
VP_DMA2D_VS_DMA2D.Mode=DMA2D_Activate
VP_DMA2D_VS_DMA2D.Signal=DMA2D_VS_DMA2D
VP_SYS_VS_Systick.Mode=SysTick
VP_SYS_VS_Systick.Signal=SYS_VS_Systick
VP_TIM7_VS_ClockSourceINT.Mode=Enable_Timer
VP_TIM7_VS_ClockSourceINT.Signal=TIM7_VS_ClockSourceINT
board=custom
isbadioc=false
